// !$*UTF8*$!
{
	archiveVersion = 1;
	classes = {
	};
	objectVersion = 56;
	objects = {

/* Begin PBXBuildFile section */
		E8379DE82BF269B9001581B3 /* WhatsForDinnerApp.swift in Sources */ = {isa = PBXBuildFile; fileRef = E8379DE72BF269B9001581B3 /* WhatsForDinnerApp.swift */; };
		E8379DEA2BF269B9001581B3 /* ContentView.swift in Sources */ = {isa = PBXBuildFile; fileRef = E8379DE92BF269B9001581B3 /* ContentView.swift */; };
		E8379DEC2BF269BA001581B3 /* Assets.xcassets in Resources */ = {isa = PBXBuildFile; fileRef = E8379DEB2BF269BA001581B3 /* Assets.xcassets */; };
		E8379DEF2BF269BA001581B3 /* Preview Assets.xcassets in Resources */ = {isa = PBXBuildFile; fileRef = E8379DEE2BF269BA001581B3 /* Preview Assets.xcassets */; };
		E8379DF92BF269BB001581B3 /* WhatsForDinnerTests.swift in Sources */ = {isa = PBXBuildFile; fileRef = E8379DF82BF269BB001581B3 /* WhatsForDinnerTests.swift */; };
		E8379E032BF269BB001581B3 /* WhatsForDinnerUITests.swift in Sources */ = {isa = PBXBuildFile; fileRef = E8379E022BF269BB001581B3 /* WhatsForDinnerUITests.swift */; };
		E8379E052BF269BB001581B3 /* WhatsForDinnerUITestsLaunchTests.swift in Sources */ = {isa = PBXBuildFile; fileRef = E8379E042BF269BB001581B3 /* WhatsForDinnerUITestsLaunchTests.swift */; };
/* End PBXBuildFile section */

/* Begin PBXContainerItemProxy section */
		E8379DF52BF269BA001581B3 /* PBXContainerItemProxy */ = {
			isa = PBXContainerItemProxy;
			containerPortal = E8379DDC2BF269B9001581B3 /* Project object */;
			proxyType = 1;
			remoteGlobalIDString = E8379DE32BF269B9001581B3;
			remoteInfo = WhatsForDinner;
		};
		E8379DFF2BF269BB001581B3 /* PBXContainerItemProxy */ = {
			isa = PBXContainerItemProxy;
			containerPortal = E8379DDC2BF269B9001581B3 /* Project object */;
			proxyType = 1;
			remoteGlobalIDString = E8379DE32BF269B9001581B3;
			remoteInfo = WhatsForDinner;
		};
/* End PBXContainerItemProxy section */

/* Begin PBXFileReference section */
		E8379DE42BF269B9001581B3 /* WhatsForDinner.app */ = {isa = PBXFileReference; explicitFileType = wrapper.application; includeInIndex = 0; path = WhatsForDinner.app; sourceTree = BUILT_PRODUCTS_DIR; };
		E8379DE72BF269B9001581B3 /* WhatsForDinnerApp.swift */ = {isa = PBXFileReference; lastKnownFileType = sourcecode.swift; path = WhatsForDinnerApp.swift; sourceTree = "<group>"; };
		E8379DE92BF269B9001581B3 /* ContentView.swift */ = {isa = PBXFileReference; lastKnownFileType = sourcecode.swift; path = ContentView.swift; sourceTree = "<group>"; };
		E8379DEB2BF269BA001581B3 /* Assets.xcassets */ = {isa = PBXFileReference; lastKnownFileType = folder.assetcatalog; path = Assets.xcassets; sourceTree = "<group>"; };
		E8379DEE2BF269BA001581B3 /* Preview Assets.xcassets */ = {isa = PBXFileReference; lastKnownFileType = folder.assetcatalog; path = "Preview Assets.xcassets"; sourceTree = "<group>"; };
		E8379DF42BF269BA001581B3 /* WhatsForDinnerTests.xctest */ = {isa = PBXFileReference; explicitFileType = wrapper.cfbundle; includeInIndex = 0; path = WhatsForDinnerTests.xctest; sourceTree = BUILT_PRODUCTS_DIR; };
		E8379DF82BF269BB001581B3 /* WhatsForDinnerTests.swift */ = {isa = PBXFileReference; lastKnownFileType = sourcecode.swift; path = WhatsForDinnerTests.swift; sourceTree = "<group>"; };
		E8379DFE2BF269BB001581B3 /* WhatsForDinnerUITests.xctest */ = {isa = PBXFileReference; explicitFileType = wrapper.cfbundle; includeInIndex = 0; path = WhatsForDinnerUITests.xctest; sourceTree = BUILT_PRODUCTS_DIR; };
		E8379E022BF269BB001581B3 /* WhatsForDinnerUITests.swift */ = {isa = PBXFileReference; lastKnownFileType = sourcecode.swift; path = WhatsForDinnerUITests.swift; sourceTree = "<group>"; };
		E8379E042BF269BB001581B3 /* WhatsForDinnerUITestsLaunchTests.swift */ = {isa = PBXFileReference; lastKnownFileType = sourcecode.swift; path = WhatsForDinnerUITestsLaunchTests.swift; sourceTree = "<group>"; };
/* End PBXFileReference section */

/* Begin PBXFrameworksBuildPhase section */
		E8379DE12BF269B9001581B3 /* Frameworks */ = {
			isa = PBXFrameworksBuildPhase;
			buildActionMask = 2147483647;
			files = (
			);
			runOnlyForDeploymentPostprocessing = 0;
		};
		E8379DF12BF269BA001581B3 /* Frameworks */ = {
			isa = PBXFrameworksBuildPhase;
			buildActionMask = 2147483647;
			files = (
			);
			runOnlyForDeploymentPostprocessing = 0;
		};
		E8379DFB2BF269BB001581B3 /* Frameworks */ = {
			isa = PBXFrameworksBuildPhase;
			buildActionMask = 2147483647;
			files = (
			);
			runOnlyForDeploymentPostprocessing = 0;
		};
/* End PBXFrameworksBuildPhase section */

/* Begin PBXGroup section */
		E8379DDB2BF269B9001581B3 = {
			isa = PBXGroup;
			children = (
				E8379DE62BF269B9001581B3 /* WhatsForDinner */,
				E8379DF72BF269BB001581B3 /* WhatsForDinnerTests */,
				E8379E012BF269BB001581B3 /* WhatsForDinnerUITests */,
				E8379DE52BF269B9001581B3 /* Products */,
			);
			sourceTree = "<group>";
		};
		E8379DE52BF269B9001581B3 /* Products */ = {
			isa = PBXGroup;
			children = (
				E8379DE42BF269B9001581B3 /* WhatsForDinner.app */,
				E8379DF42BF269BA001581B3 /* WhatsForDinnerTests.xctest */,
				E8379DFE2BF269BB001581B3 /* WhatsForDinnerUITests.xctest */,
			);
			name = Products;
			sourceTree = "<group>";
		};
		E8379DE62BF269B9001581B3 /* WhatsForDinner */ = {
			isa = PBXGroup;
			children = (
				E8379DE72BF269B9001581B3 /* WhatsForDinnerApp.swift */,
				E8379DE92BF269B9001581B3 /* ContentView.swift */,
				E8379DEB2BF269BA001581B3 /* Assets.xcassets */,
				E8379DED2BF269BA001581B3 /* Preview Content */,
			);
			path = WhatsForDinner;
			sourceTree = "<group>";
		};
		E8379DED2BF269BA001581B3 /* Preview Content */ = {
			isa = PBXGroup;
			children = (
				E8379DEE2BF269BA001581B3 /* Preview Assets.xcassets */,
			);
			path = "Preview Content";
			sourceTree = "<group>";
		};
		E8379DF72BF269BB001581B3 /* WhatsForDinnerTests */ = {
			isa = PBXGroup;
			children = (
				E8379DF82BF269BB001581B3 /* WhatsForDinnerTests.swift */,
			);
			path = WhatsForDinnerTests;
			sourceTree = "<group>";
		};
		E8379E012BF269BB001581B3 /* WhatsForDinnerUITests */ = {
			isa = PBXGroup;
			children = (
				E8379E022BF269BB001581B3 /* WhatsForDinnerUITests.swift */,
				E8379E042BF269BB001581B3 /* WhatsForDinnerUITestsLaunchTests.swift */,
			);
			path = WhatsForDinnerUITests;
			sourceTree = "<group>";
		};
/* End PBXGroup section */

/* Begin PBXNativeTarget section */
		E8379DE32BF269B9001581B3 /* WhatsForDinner */ = {
			isa = PBXNativeTarget;
			buildConfigurationList = E8379E082BF269BB001581B3 /* Build configuration list for PBXNativeTarget "WhatsForDinner" */;
			buildPhases = (
				E8379DE02BF269B9001581B3 /* Sources */,
				E8379DE12BF269B9001581B3 /* Frameworks */,
				E8379DE22BF269B9001581B3 /* Resources */,
			);
			buildRules = (
			);
			dependencies = (
			);
			name = WhatsForDinner;
			productName = WhatsForDinner;
			productReference = E8379DE42BF269B9001581B3 /* WhatsForDinner.app */;
			productType = "com.apple.product-type.application";
		};
		E8379DF32BF269BA001581B3 /* WhatsForDinnerTests */ = {
			isa = PBXNativeTarget;
			buildConfigurationList = E8379E0B2BF269BB001581B3 /* Build configuration list for PBXNativeTarget "WhatsForDinnerTests" */;
			buildPhases = (
				E8379DF02BF269BA001581B3 /* Sources */,
				E8379DF12BF269BA001581B3 /* Frameworks */,
				E8379DF22BF269BA001581B3 /* Resources */,
			);
			buildRules = (
			);
			dependencies = (
				E8379DF62BF269BA001581B3 /* PBXTargetDependency */,
			);
			name = WhatsForDinnerTests;
			productName = WhatsForDinnerTests;
			productReference = E8379DF42BF269BA001581B3 /* WhatsForDinnerTests.xctest */;
			productType = "com.apple.product-type.bundle.unit-test";
		};
		E8379DFD2BF269BB001581B3 /* WhatsForDinnerUITests */ = {
			isa = PBXNativeTarget;
			buildConfigurationList = E8379E0E2BF269BB001581B3 /* Build configuration list for PBXNativeTarget "WhatsForDinnerUITests" */;
			buildPhases = (
				E8379DFA2BF269BB001581B3 /* Sources */,
				E8379DFB2BF269BB001581B3 /* Frameworks */,
				E8379DFC2BF269BB001581B3 /* Resources */,
			);
			buildRules = (
			);
			dependencies = (
				E8379E002BF269BB001581B3 /* PBXTargetDependency */,
			);
			name = WhatsForDinnerUITests;
			productName = WhatsForDinnerUITests;
			productReference = E8379DFE2BF269BB001581B3 /* WhatsForDinnerUITests.xctest */;
			productType = "com.apple.product-type.bundle.ui-testing";
		};
/* End PBXNativeTarget section */

/* Begin PBXProject section */
		E8379DDC2BF269B9001581B3 /* Project object */ = {
			isa = PBXProject;
			attributes = {
				BuildIndependentTargetsInParallel = 1;
				LastSwiftUpdateCheck = 1530;
				LastUpgradeCheck = 1530;
				TargetAttributes = {
					E8379DE32BF269B9001581B3 = {
						CreatedOnToolsVersion = 15.3;
					};
					E8379DF32BF269BA001581B3 = {
						CreatedOnToolsVersion = 15.3;
						TestTargetID = E8379DE32BF269B9001581B3;
					};
					E8379DFD2BF269BB001581B3 = {
						CreatedOnToolsVersion = 15.3;
						TestTargetID = E8379DE32BF269B9001581B3;
					};
				};
			};
			buildConfigurationList = E8379DDF2BF269B9001581B3 /* Build configuration list for PBXProject "WhatsForDinner" */;
			compatibilityVersion = "Xcode 14.0";
			developmentRegion = en;
			hasScannedForEncodings = 0;
			knownRegions = (
				en,
				Base,
			);
			mainGroup = E8379DDB2BF269B9001581B3;
			productRefGroup = E8379DE52BF269B9001581B3 /* Products */;
			projectDirPath = "";
			projectRoot = "";
			targets = (
				E8379DE32BF269B9001581B3 /* WhatsForDinner */,
				E8379DF32BF269BA001581B3 /* WhatsForDinnerTests */,
				E8379DFD2BF269BB001581B3 /* WhatsForDinnerUITests */,
			);
		};
/* End PBXProject section */

/* Begin PBXResourcesBuildPhase section */
		E8379DE22BF269B9001581B3 /* Resources */ = {
			isa = PBXResourcesBuildPhase;
			buildActionMask = 2147483647;
			files = (
				E8379DEF2BF269BA001581B3 /* Preview Assets.xcassets in Resources */,
				E8379DEC2BF269BA001581B3 /* Assets.xcassets in Resources */,
			);
			runOnlyForDeploymentPostprocessing = 0;
		};
		E8379DF22BF269BA001581B3 /* Resources */ = {
			isa = PBXResourcesBuildPhase;
			buildActionMask = 2147483647;
			files = (
			);
			runOnlyForDeploymentPostprocessing = 0;
		};
		E8379DFC2BF269BB001581B3 /* Resources */ = {
			isa = PBXResourcesBuildPhase;
			buildActionMask = 2147483647;
			files = (
			);
			runOnlyForDeploymentPostprocessing = 0;
		};
/* End PBXResourcesBuildPhase section */

/* Begin PBXSourcesBuildPhase section */
		E8379DE02BF269B9001581B3 /* Sources */ = {
			isa = PBXSourcesBuildPhase;
			buildActionMask = 2147483647;
			files = (
				E8379DEA2BF269B9001581B3 /* ContentView.swift in Sources */,
				E8379DE82BF269B9001581B3 /* WhatsForDinnerApp.swift in Sources */,
			);
			runOnlyForDeploymentPostprocessing = 0;
		};
		E8379DF02BF269BA001581B3 /* Sources */ = {
			isa = PBXSourcesBuildPhase;
			buildActionMask = 2147483647;
			files = (
				E8379DF92BF269BB001581B3 /* WhatsForDinnerTests.swift in Sources */,
			);
			runOnlyForDeploymentPostprocessing = 0;
		};
		E8379DFA2BF269BB001581B3 /* Sources */ = {
			isa = PBXSourcesBuildPhase;
			buildActionMask = 2147483647;
			files = (
				E8379E052BF269BB001581B3 /* WhatsForDinnerUITestsLaunchTests.swift in Sources */,
				E8379E032BF269BB001581B3 /* WhatsForDinnerUITests.swift in Sources */,
			);
			runOnlyForDeploymentPostprocessing = 0;
		};
/* End PBXSourcesBuildPhase section */

/* Begin PBXTargetDependency section */
		E8379DF62BF269BA001581B3 /* PBXTargetDependency */ = {
			isa = PBXTargetDependency;
			target = E8379DE32BF269B9001581B3 /* WhatsForDinner */;
			targetProxy = E8379DF52BF269BA001581B3 /* PBXContainerItemProxy */;
		};
		E8379E002BF269BB001581B3 /* PBXTargetDependency */ = {
			isa = PBXTargetDependency;
			target = E8379DE32BF269B9001581B3 /* WhatsForDinner */;
			targetProxy = E8379DFF2BF269BB001581B3 /* PBXContainerItemProxy */;
		};
/* End PBXTargetDependency section */

/* Begin XCBuildConfiguration section */
		E8379E062BF269BB001581B3 /* Debug */ = {
			isa = XCBuildConfiguration;
			buildSettings = {
				ALWAYS_SEARCH_USER_PATHS = NO;
				ASSETCATALOG_COMPILER_GENERATE_SWIFT_ASSET_SYMBOL_EXTENSIONS = YES;
				CLANG_ANALYZER_NONNULL = YES;
				CLANG_ANALYZER_NUMBER_OBJECT_CONVERSION = YES_AGGRESSIVE;
				CLANG_CXX_LANGUAGE_STANDARD = "gnu++20";
				CLANG_ENABLE_MODULES = YES;
				CLANG_ENABLE_OBJC_ARC = YES;
				CLANG_ENABLE_OBJC_WEAK = YES;
				CLANG_WARN_BLOCK_CAPTURE_AUTORELEASING = YES;
				CLANG_WARN_BOOL_CONVERSION = YES;
				CLANG_WARN_COMMA = YES;
				CLANG_WARN_CONSTANT_CONVERSION = YES;
				CLANG_WARN_DEPRECATED_OBJC_IMPLEMENTATIONS = YES;
				CLANG_WARN_DIRECT_OBJC_ISA_USAGE = YES_ERROR;
				CLANG_WARN_DOCUMENTATION_COMMENTS = YES;
				CLANG_WARN_EMPTY_BODY = YES;
				CLANG_WARN_ENUM_CONVERSION = YES;
				CLANG_WARN_INFINITE_RECURSION = YES;
				CLANG_WARN_INT_CONVERSION = YES;
				CLANG_WARN_NON_LITERAL_NULL_CONVERSION = YES;
				CLANG_WARN_OBJC_IMPLICIT_RETAIN_SELF = YES;
				CLANG_WARN_OBJC_LITERAL_CONVERSION = YES;
				CLANG_WARN_OBJC_ROOT_CLASS = YES_ERROR;
				CLANG_WARN_QUOTED_INCLUDE_IN_FRAMEWORK_HEADER = YES;
				CLANG_WARN_RANGE_LOOP_ANALYSIS = YES;
				CLANG_WARN_STRICT_PROTOTYPES = YES;
				CLANG_WARN_SUSPICIOUS_MOVE = YES;
				CLANG_WARN_UNGUARDED_AVAILABILITY = YES_AGGRESSIVE;
				CLANG_WARN_UNREACHABLE_CODE = YES;
				CLANG_WARN__DUPLICATE_METHOD_MATCH = YES;
				COPY_PHASE_STRIP = NO;
				DEBUG_INFORMATION_FORMAT = dwarf;
				ENABLE_STRICT_OBJC_MSGSEND = YES;
				ENABLE_TESTABILITY = YES;
				ENABLE_USER_SCRIPT_SANDBOXING = YES;
				GCC_C_LANGUAGE_STANDARD = gnu17;
				GCC_DYNAMIC_NO_PIC = NO;
				GCC_NO_COMMON_BLOCKS = YES;
				GCC_OPTIMIZATION_LEVEL = 0;
				GCC_PREPROCESSOR_DEFINITIONS = (
					"DEBUG=1",
					"$(inherited)",
				);
				GCC_WARN_64_TO_32_BIT_CONVERSION = YES;
				GCC_WARN_ABOUT_RETURN_TYPE = YES_ERROR;
				GCC_WARN_UNDECLARED_SELECTOR = YES;
				GCC_WARN_UNINITIALIZED_AUTOS = YES_AGGRESSIVE;
				GCC_WARN_UNUSED_FUNCTION = YES;
				GCC_WARN_UNUSED_VARIABLE = YES;
				IPHONEOS_DEPLOYMENT_TARGET = 17.4;
				LOCALIZATION_PREFERS_STRING_CATALOGS = YES;
				MTL_ENABLE_DEBUG_INFO = INCLUDE_SOURCE;
				MTL_FAST_MATH = YES;
				ONLY_ACTIVE_ARCH = YES;
				SDKROOT = iphoneos;
				SWIFT_ACTIVE_COMPILATION_CONDITIONS = "DEBUG $(inherited)";
				SWIFT_OPTIMIZATION_LEVEL = "-Onone";
			};
			name = Debug;
		};
		E8379E072BF269BB001581B3 /* Release */ = {
			isa = XCBuildConfiguration;
			buildSettings = {
				ALWAYS_SEARCH_USER_PATHS = NO;
				ASSETCATALOG_COMPILER_GENERATE_SWIFT_ASSET_SYMBOL_EXTENSIONS = YES;
				CLANG_ANALYZER_NONNULL = YES;
				CLANG_ANALYZER_NUMBER_OBJECT_CONVERSION = YES_AGGRESSIVE;
				CLANG_CXX_LANGUAGE_STANDARD = "gnu++20";
				CLANG_ENABLE_MODULES = YES;
				CLANG_ENABLE_OBJC_ARC = YES;
				CLANG_ENABLE_OBJC_WEAK = YES;
				CLANG_WARN_BLOCK_CAPTURE_AUTORELEASING = YES;
				CLANG_WARN_BOOL_CONVERSION = YES;
				CLANG_WARN_COMMA = YES;
				CLANG_WARN_CONSTANT_CONVERSION = YES;
				CLANG_WARN_DEPRECATED_OBJC_IMPLEMENTATIONS = YES;
				CLANG_WARN_DIRECT_OBJC_ISA_USAGE = YES_ERROR;
				CLANG_WARN_DOCUMENTATION_COMMENTS = YES;
				CLANG_WARN_EMPTY_BODY = YES;
				CLANG_WARN_ENUM_CONVERSION = YES;
				CLANG_WARN_INFINITE_RECURSION = YES;
				CLANG_WARN_INT_CONVERSION = YES;
				CLANG_WARN_NON_LITERAL_NULL_CONVERSION = YES;
				CLANG_WARN_OBJC_IMPLICIT_RETAIN_SELF = YES;
				CLANG_WARN_OBJC_LITERAL_CONVERSION = YES;
				CLANG_WARN_OBJC_ROOT_CLASS = YES_ERROR;
				CLANG_WARN_QUOTED_INCLUDE_IN_FRAMEWORK_HEADER = YES;
				CLANG_WARN_RANGE_LOOP_ANALYSIS = YES;
				CLANG_WARN_STRICT_PROTOTYPES = YES;
				CLANG_WARN_SUSPICIOUS_MOVE = YES;
				CLANG_WARN_UNGUARDED_AVAILABILITY = YES_AGGRESSIVE;
				CLANG_WARN_UNREACHABLE_CODE = YES;
				CLANG_WARN__DUPLICATE_METHOD_MATCH = YES;
				COPY_PHASE_STRIP = NO;
				DEBUG_INFORMATION_FORMAT = "dwarf-with-dsym";
				ENABLE_NS_ASSERTIONS = NO;
				ENABLE_STRICT_OBJC_MSGSEND = YES;
				ENABLE_USER_SCRIPT_SANDBOXING = YES;
				GCC_C_LANGUAGE_STANDARD = gnu17;
				GCC_NO_COMMON_BLOCKS = YES;
				GCC_WARN_64_TO_32_BIT_CONVERSION = YES;
				GCC_WARN_ABOUT_RETURN_TYPE = YES_ERROR;
				GCC_WARN_UNDECLARED_SELECTOR = YES;
				GCC_WARN_UNINITIALIZED_AUTOS = YES_AGGRESSIVE;
				GCC_WARN_UNUSED_FUNCTION = YES;
				GCC_WARN_UNUSED_VARIABLE = YES;
				IPHONEOS_DEPLOYMENT_TARGET = 17.4;
				LOCALIZATION_PREFERS_STRING_CATALOGS = YES;
				MTL_ENABLE_DEBUG_INFO = NO;
				MTL_FAST_MATH = YES;
				SDKROOT = iphoneos;
				SWIFT_COMPILATION_MODE = wholemodule;
				VALIDATE_PRODUCT = YES;
			};
			name = Release;
		};
		E8379E092BF269BB001581B3 /* Debug */ = {
			isa = XCBuildConfiguration;
			buildSettings = {
				ASSETCATALOG_COMPILER_APPICON_NAME = AppIcon;
				ASSETCATALOG_COMPILER_GLOBAL_ACCENT_COLOR_NAME = AccentColor;
				CODE_SIGN_STYLE = Automatic;
				CURRENT_PROJECT_VERSION = 1;
				DEVELOPMENT_ASSET_PATHS = "\"WhatsForDinner/Preview Content\"";
				DEVELOPMENT_TEAM = AK6C6C8RC2;
				ENABLE_PREVIEWS = YES;
				GENERATE_INFOPLIST_FILE = YES;
				INFOPLIST_KEY_UIApplicationSceneManifest_Generation = YES;
				INFOPLIST_KEY_UIApplicationSupportsIndirectInputEvents = YES;
				INFOPLIST_KEY_UILaunchScreen_Generation = YES;
				INFOPLIST_KEY_UISupportedInterfaceOrientations_iPad = "UIInterfaceOrientationPortrait UIInterfaceOrientationPortraitUpsideDown UIInterfaceOrientationLandscapeLeft UIInterfaceOrientationLandscapeRight";
				INFOPLIST_KEY_UISupportedInterfaceOrientations_iPhone = "UIInterfaceOrientationPortrait UIInterfaceOrientationLandscapeLeft UIInterfaceOrientationLandscapeRight";
				LD_RUNPATH_SEARCH_PATHS = (
					"$(inherited)",
					"@executable_path/Frameworks",
				);
				MARKETING_VERSION = 1.0;
				PRODUCT_BUNDLE_IDENTIFIER = Robel.WhatsForDinner;
				PRODUCT_NAME = "$(TARGET_NAME)";
				SWIFT_EMIT_LOC_STRINGS = YES;
				SWIFT_VERSION = 5.0;
				TARGETED_DEVICE_FAMILY = "1,2";
			};
			name = Debug;
		};
		E8379E0A2BF269BB001581B3 /* Release */ = {
			isa = XCBuildConfiguration;
			buildSettings = {
				ASSETCATALOG_COMPILER_APPICON_NAME = AppIcon;
				ASSETCATALOG_COMPILER_GLOBAL_ACCENT_COLOR_NAME = AccentColor;
				CODE_SIGN_STYLE = Automatic;
				CURRENT_PROJECT_VERSION = 1;
				DEVELOPMENT_ASSET_PATHS = "\"WhatsForDinner/Preview Content\"";
				DEVELOPMENT_TEAM = AK6C6C8RC2;
				ENABLE_PREVIEWS = YES;
				GENERATE_INFOPLIST_FILE = YES;
				INFOPLIST_KEY_UIApplicationSceneManifest_Generation = YES;
				INFOPLIST_KEY_UIApplicationSupportsIndirectInputEvents = YES;
				INFOPLIST_KEY_UILaunchScreen_Generation = YES;
				INFOPLIST_KEY_UISupportedInterfaceOrientations_iPad = "UIInterfaceOrientationPortrait UIInterfaceOrientationPortraitUpsideDown UIInterfaceOrientationLandscapeLeft UIInterfaceOrientationLandscapeRight";
				INFOPLIST_KEY_UISupportedInterfaceOrientations_iPhone = "UIInterfaceOrientationPortrait UIInterfaceOrientationLandscapeLeft UIInterfaceOrientationLandscapeRight";
				LD_RUNPATH_SEARCH_PATHS = (
					"$(inherited)",
					"@executable_path/Frameworks",
				);
				MARKETING_VERSION = 1.0;
				PRODUCT_BUNDLE_IDENTIFIER = Robel.WhatsForDinner;
				PRODUCT_NAME = "$(TARGET_NAME)";
				SWIFT_EMIT_LOC_STRINGS = YES;
				SWIFT_VERSION = 5.0;
				TARGETED_DEVICE_FAMILY = "1,2";
			};
			name = Release;
		};
		E8379E0C2BF269BB001581B3 /* Debug */ = {
			isa = XCBuildConfiguration;
			buildSettings = {
				ALWAYS_EMBED_SWIFT_STANDARD_LIBRARIES = YES;
				BUNDLE_LOADER = "$(TEST_HOST)";
				CODE_SIGN_STYLE = Automatic;
				CURRENT_PROJECT_VERSION = 1;
				DEVELOPMENT_TEAM = AK6C6C8RC2;
				GENERATE_INFOPLIST_FILE = YES;
				IPHONEOS_DEPLOYMENT_TARGET = 17.4;
				MARKETING_VERSION = 1.0;
				PRODUCT_BUNDLE_IDENTIFIER = Robel.WhatsForDinnerTests;
				PRODUCT_NAME = "$(TARGET_NAME)";
				SWIFT_EMIT_LOC_STRINGS = NO;
				SWIFT_VERSION = 5.0;
				TARGETED_DEVICE_FAMILY = "1,2";
				TEST_HOST = "$(BUILT_PRODUCTS_DIR)/WhatsForDinner.app/$(BUNDLE_EXECUTABLE_FOLDER_PATH)/WhatsForDinner";
			};
			name = Debug;
		};
		E8379E0D2BF269BB001581B3 /* Release */ = {
			isa = XCBuildConfiguration;
			buildSettings = {
				ALWAYS_EMBED_SWIFT_STANDARD_LIBRARIES = YES;
				BUNDLE_LOADER = "$(TEST_HOST)";
				CODE_SIGN_STYLE = Automatic;
				CURRENT_PROJECT_VERSION = 1;
				DEVELOPMENT_TEAM = AK6C6C8RC2;
				GENERATE_INFOPLIST_FILE = YES;
				IPHONEOS_DEPLOYMENT_TARGET = 17.4;
				MARKETING_VERSION = 1.0;
				PRODUCT_BUNDLE_IDENTIFIER = Robel.WhatsForDinnerTests;
				PRODUCT_NAME = "$(TARGET_NAME)";
				SWIFT_EMIT_LOC_STRINGS = NO;
				SWIFT_VERSION = 5.0;
				TARGETED_DEVICE_FAMILY = "1,2";
				TEST_HOST = "$(BUILT_PRODUCTS_DIR)/WhatsForDinner.app/$(BUNDLE_EXECUTABLE_FOLDER_PATH)/WhatsForDinner";
			};
			name = Release;
		};
		E8379E0F2BF269BB001581B3 /* Debug */ = {
			isa = XCBuildConfiguration;
			buildSettings = {
				ALWAYS_EMBED_SWIFT_STANDARD_LIBRARIES = YES;
				CODE_SIGN_STYLE = Automatic;
				CURRENT_PROJECT_VERSION = 1;
				DEVELOPMENT_TEAM = AK6C6C8RC2;
				GENERATE_INFOPLIST_FILE = YES;
				MARKETING_VERSION = 1.0;
				PRODUCT_BUNDLE_IDENTIFIER = Robel.WhatsForDinnerUITests;
				PRODUCT_NAME = "$(TARGET_NAME)";
				SWIFT_EMIT_LOC_STRINGS = NO;
				SWIFT_VERSION = 5.0;
				TARGETED_DEVICE_FAMILY = "1,2";
				TEST_TARGET_NAME = WhatsForDinner;
			};
			name = Debug;
		};
		E8379E102BF269BB001581B3 /* Release */ = {
			isa = XCBuildConfiguration;
			buildSettings = {
				ALWAYS_EMBED_SWIFT_STANDARD_LIBRARIES = YES;
				CODE_SIGN_STYLE = Automatic;
				CURRENT_PROJECT_VERSION = 1;
				DEVELOPMENT_TEAM = AK6C6C8RC2;
				GENERATE_INFOPLIST_FILE = YES;
				MARKETING_VERSION = 1.0;
				PRODUCT_BUNDLE_IDENTIFIER = Robel.WhatsForDinnerUITests;
				PRODUCT_NAME = "$(TARGET_NAME)";
				SWIFT_EMIT_LOC_STRINGS = NO;
				SWIFT_VERSION = 5.0;
				TARGETED_DEVICE_FAMILY = "1,2";
				TEST_TARGET_NAME = WhatsForDinner;
			};
			name = Release;
		};
/* End XCBuildConfiguration section */

/* Begin XCConfigurationList section */
		E8379DDF2BF269B9001581B3 /* Build configuration list for PBXProject "WhatsForDinner" */ = {
			isa = XCConfigurationList;
			buildConfigurations = (
				E8379E062BF269BB001581B3 /* Debug */,
				E8379E072BF269BB001581B3 /* Release */,
			);
			defaultConfigurationIsVisible = 0;
			defaultConfigurationName = Release;
		};
		E8379E082BF269BB001581B3 /* Build configuration list for PBXNativeTarget "WhatsForDinner" */ = {
			isa = XCConfigurationList;
			buildConfigurations = (
				E8379E092BF269BB001581B3 /* Debug */,
				E8379E0A2BF269BB001581B3 /* Release */,
			);
			defaultConfigurationIsVisible = 0;
			defaultConfigurationName = Release;
		};
		E8379E0B2BF269BB001581B3 /* Build configuration list for PBXNativeTarget "WhatsForDinnerTests" */ = {
			isa = XCConfigurationList;
			buildConfigurations = (
				E8379E0C2BF269BB001581B3 /* Debug */,
				E8379E0D2BF269BB001581B3 /* Release */,
			);
			defaultConfigurationIsVisible = 0;
			defaultConfigurationName = Release;
		};
		E8379E0E2BF269BB001581B3 /* Build configuration list for PBXNativeTarget "WhatsForDinnerUITests" */ = {
			isa = XCConfigurationList;
			buildConfigurations = (
				E8379E0F2BF269BB001581B3 /* Debug */,
				E8379E102BF269BB001581B3 /* Release */,
			);
			defaultConfigurationIsVisible = 0;
			defaultConfigurationName = Release;
		};
/* End XCConfigurationList section */
	};
	rootObject = E8379DDC2BF269B9001581B3 /* Project object */;
}
